
Microsoft Visual Studio Solution File, Format Version 12.00
# Visual Studio Version 17
VisualStudioVersion = 17.0.32112.339
MinimumVisualStudioVersion = 10.0.40219.1
Project("{FAE04EC0-301F-11D3-BF4B-00C04F79EFBC}") = "TaxJar-challenge", "TaxJar-challenge\TaxJar-challenge.csproj", "{40D95A77-E20C-427D-AAD8-25FA289BDD8B}"
EndProject
Project("{FAE04EC0-301F-11D3-BF4B-00C04F79EFBC}") = "TaxJar-challenge.Tests", "TaxJar-challenge.Tests\TaxJar-challenge.Tests.csproj", "{C5EA28FB-C119-43BD-88F4-E72784BCF52E}"
EndProject
Global
	GlobalSection(SolutionConfigurationPlatforms) = preSolution
		Debug|Any CPU = Debug|Any CPU
		Release|Any CPU = Release|Any CPU
	EndGlobalSection
	GlobalSection(ProjectConfigurationPlatforms) = postSolution
		{40D95A77-E20C-427D-AAD8-25FA289BDD8B}.Debug|Any CPU.ActiveCfg = Debug|Any CPU
		{40D95A77-E20C-427D-AAD8-25FA289BDD8B}.Debug|Any CPU.Build.0 = Debug|Any CPU
		{40D95A77-E20C-427D-AAD8-25FA289BDD8B}.Release|Any CPU.ActiveCfg = Release|Any CPU
		{40D95A77-E20C-427D-AAD8-25FA289BDD8B}.Release|Any CPU.Build.0 = Release|Any CPU
		{C5EA28FB-C119-43BD-88F4-E72784BCF52E}.Debug|Any CPU.ActiveCfg = Debug|Any CPU
		{C5EA28FB-C119-43BD-88F4-E72784BCF52E}.Debug|Any CPU.Build.0 = Debug|Any CPU
		{C5EA28FB-C119-43BD-88F4-E72784BCF52E}.Release|Any CPU.ActiveCfg = Release|Any CPU
		{C5EA28FB-C119-43BD-88F4-E72784BCF52E}.Release|Any CPU.Build.0 = Release|Any CPU
	EndGlobalSection
	GlobalSection(SolutionProperties) = preSolution
		HideSolutionNode = FALSE
	EndGlobalSection
	GlobalSection(ExtensibilityGlobals) = postSolution
		SolutionGuid = {9B5BD115-8C85-4424-8CF6-F73D5A8EEB41}
	EndGlobalSection
EndGlobal
